{
  "requires": true,
  "lockfileVersion": 1,
  "dependencies": {
    "@swimlane/ngx-datatable": {
      "version": "14.0.0",
      "resolved": "https://registry.npmjs.org/@swimlane/ngx-datatable/-/ngx-datatable-14.0.0.tgz",
      "integrity": "sha512-zgRY58MzTpg9Jb575cg0O87mLtXYi6fx7NLRPRHdQ/FqH9mKjZ3i7+OjqtR8/w3KRmFP2Hnkmx52VzldZIKspg=="
    }
  }
}
